
Microsoft Visual Studio Solution File, Format Version 12.00
# Visual Studio Version 16
VisualStudioVersion = 16.0.29424.173
MinimumVisualStudioVersion = 10.0.40219.1
Project("{FAE04EC0-301F-11D3-BF4B-00C04F79EFBC}") = "LaboratoryWork11", "LaboratoryWork11.csproj", "{4834AFC1-8893-4351-BFD5-C43AA7B262F8}"
EndProject
Global
	GlobalSection(SolutionConfigurationPlatforms) = preSolution
		Debug|Any CPU = Debug|Any CPU
		Release|Any CPU = Release|Any CPU
	EndGlobalSection
	GlobalSection(ProjectConfigurationPlatforms) = postSolution
		{4834AFC1-8893-4351-BFD5-C43AA7B262F8}.Debug|Any CPU.ActiveCfg = Debug|Any CPU
		{4834AFC1-8893-4351-BFD5-C43AA7B262F8}.Debug|Any CPU.Build.0 = Debug|Any CPU
		{4834AFC1-8893-4351-BFD5-C43AA7B262F8}.Release|Any CPU.ActiveCfg = Release|Any CPU
		{4834AFC1-8893-4351-BFD5-C43AA7B262F8}.Release|Any CPU.Build.0 = Release|Any CPU
	EndGlobalSection
	GlobalSection(SolutionProperties) = preSolution
		HideSolutionNode = FALSE
	EndGlobalSection
	GlobalSection(ExtensibilityGlobals) = postSolution
		SolutionGuid = {79084D13-76A7-4AE0-8944-B13EB98CD716}
	EndGlobalSection
EndGlobal
