
Microsoft Visual Studio Solution File, Format Version 12.00
# Visual Studio Version 16
VisualStudioVersion = 16.0.29411.108
MinimumVisualStudioVersion = 10.0.40219.1
Project("{FAE04EC0-301F-11D3-BF4B-00C04F79EFBC}") = "LaboratoryWork6", "LaboratoryWork6.csproj", "{A3D1C205-1893-4616-B63A-234403E24B62}"
EndProject
Global
	GlobalSection(SolutionConfigurationPlatforms) = preSolution
		Debug|Any CPU = Debug|Any CPU
		Release|Any CPU = Release|Any CPU
	EndGlobalSection
	GlobalSection(ProjectConfigurationPlatforms) = postSolution
		{A3D1C205-1893-4616-B63A-234403E24B62}.Debug|Any CPU.ActiveCfg = Debug|Any CPU
		{A3D1C205-1893-4616-B63A-234403E24B62}.Debug|Any CPU.Build.0 = Debug|Any CPU
		{A3D1C205-1893-4616-B63A-234403E24B62}.Release|Any CPU.ActiveCfg = Release|Any CPU
		{A3D1C205-1893-4616-B63A-234403E24B62}.Release|Any CPU.Build.0 = Release|Any CPU
	EndGlobalSection
	GlobalSection(SolutionProperties) = preSolution
		HideSolutionNode = FALSE
	EndGlobalSection
	GlobalSection(ExtensibilityGlobals) = postSolution
		SolutionGuid = {3CEB743A-A563-4260-9888-EB64D917FB06}
	EndGlobalSection
EndGlobal
