
Microsoft Visual Studio Solution File, Format Version 12.00
# Visual Studio Version 16
VisualStudioVersion = 16.0.29411.108
MinimumVisualStudioVersion = 10.0.40219.1
Project("{FAE04EC0-301F-11D3-BF4B-00C04F79EFBC}") = "LaboratoryWork7", "LaboratoryWork7.csproj", "{A07F30C8-8C74-4940-B14E-A54C87895B39}"
EndProject
Global
	GlobalSection(SolutionConfigurationPlatforms) = preSolution
		Debug|Any CPU = Debug|Any CPU
		Release|Any CPU = Release|Any CPU
	EndGlobalSection
	GlobalSection(ProjectConfigurationPlatforms) = postSolution
		{A07F30C8-8C74-4940-B14E-A54C87895B39}.Debug|Any CPU.ActiveCfg = Debug|Any CPU
		{A07F30C8-8C74-4940-B14E-A54C87895B39}.Debug|Any CPU.Build.0 = Debug|Any CPU
		{A07F30C8-8C74-4940-B14E-A54C87895B39}.Release|Any CPU.ActiveCfg = Release|Any CPU
		{A07F30C8-8C74-4940-B14E-A54C87895B39}.Release|Any CPU.Build.0 = Release|Any CPU
	EndGlobalSection
	GlobalSection(SolutionProperties) = preSolution
		HideSolutionNode = FALSE
	EndGlobalSection
	GlobalSection(ExtensibilityGlobals) = postSolution
		SolutionGuid = {1EC2EBC1-6B18-495D-988B-755BCAC9CE6E}
	EndGlobalSection
EndGlobal
